
Microsoft Visual Studio Solution File, Format Version 12.00
# Visual Studio 15
VisualStudioVersion = 15.0.28307.1145
MinimumVisualStudioVersion = 10.0.40219.1
Project("{FAE04EC0-301F-11D3-BF4B-00C04F79EFBC}") = "ramiCohenCs", "ramiCohenCs\ramiCohenCs.csproj", "{961DEEA0-07D5-444A-8B31-5846BF1BEDF5}"
EndProject
Global
	GlobalSection(SolutionConfigurationPlatforms) = preSolution
		Debug|Any CPU = Debug|Any CPU
		Release|Any CPU = Release|Any CPU
	EndGlobalSection
	GlobalSection(ProjectConfigurationPlatforms) = postSolution
		{961DEEA0-07D5-444A-8B31-5846BF1BEDF5}.Debug|Any CPU.ActiveCfg = Debug|Any CPU
		{961DEEA0-07D5-444A-8B31-5846BF1BEDF5}.Debug|Any CPU.Build.0 = Debug|Any CPU
		{961DEEA0-07D5-444A-8B31-5846BF1BEDF5}.Release|Any CPU.ActiveCfg = Release|Any CPU
		{961DEEA0-07D5-444A-8B31-5846BF1BEDF5}.Release|Any CPU.Build.0 = Release|Any CPU
	EndGlobalSection
	GlobalSection(SolutionProperties) = preSolution
		HideSolutionNode = FALSE
	EndGlobalSection
	GlobalSection(ExtensibilityGlobals) = postSolution
		SolutionGuid = {40C93B91-D2E6-4641-AAEA-CD0EC44F8877}
	EndGlobalSection
EndGlobal
